// !$*UTF8*$!
{
	archiveVersion = 1;
	classes = {
	};
	objectVersion = 77;
	objects = {

/* Begin PBXBuildFile section */
		A6A121982C64F1E60006CC5A /* unthread.me Extension.appex in Embed Foundation Extensions */ = {isa = PBXBuildFile; fileRef = A6A121972C64F1E60006CC5A /* unthread.me Extension.appex */; settings = {ATTRIBUTES = (RemoveHeadersOnCopy, ); }; };
		A6A121A22C64F1E60006CC5A /* unthread.me Extension.appex in Embed Foundation Extensions */ = {isa = PBXBuildFile; fileRef = A6A121A12C64F1E60006CC5A /* unthread.me Extension.appex */; settings = {ATTRIBUTES = (RemoveHeadersOnCopy, ); }; };
/* End PBXBuildFile section */

/* Begin PBXContainerItemProxy section */
		A6A121992C64F1E60006CC5A /* PBXContainerItemProxy */ = {
			isa = PBXContainerItemProxy;
			containerPortal = A6A1215D2C64F1E50006CC5A /* Project object */;
			proxyType = 1;
			remoteGlobalIDString = A6A121962C64F1E60006CC5A;
			remoteInfo = "unthread.me Extension (iOS)";
		};
		A6A121A32C64F1E60006CC5A /* PBXContainerItemProxy */ = {
			isa = PBXContainerItemProxy;
			containerPortal = A6A1215D2C64F1E50006CC5A /* Project object */;
			proxyType = 1;
			remoteGlobalIDString = A6A121A02C64F1E60006CC5A;
			remoteInfo = "unthread.me Extension (macOS)";
		};
/* End PBXContainerItemProxy section */

/* Begin PBXCopyFilesBuildPhase section */
		A6A121CB2C64F1E70006CC5A /* Embed Foundation Extensions */ = {
			isa = PBXCopyFilesBuildPhase;
			buildActionMask = 2147483647;
			dstPath = "";
			dstSubfolderSpec = 13;
			files = (
				A6A121982C64F1E60006CC5A /* unthread.me Extension.appex in Embed Foundation Extensions */,
			);
			name = "Embed Foundation Extensions";
			runOnlyForDeploymentPostprocessing = 0;
		};
		A6A121D72C64F1E70006CC5A /* Embed Foundation Extensions */ = {
			isa = PBXCopyFilesBuildPhase;
			buildActionMask = 2147483647;
			dstPath = "";
			dstSubfolderSpec = 13;
			files = (
				A6A121A22C64F1E60006CC5A /* unthread.me Extension.appex in Embed Foundation Extensions */,
			);
			name = "Embed Foundation Extensions";
			runOnlyForDeploymentPostprocessing = 0;
		};
/* End PBXCopyFilesBuildPhase section */

/* Begin PBXFileReference section */
		A6A121792C64F1E60006CC5A /* unthread.me.app */ = {isa = PBXFileReference; explicitFileType = wrapper.application; includeInIndex = 0; path = unthread.me.app; sourceTree = BUILT_PRODUCTS_DIR; };
		A6A1218B2C64F1E60006CC5A /* unthread.me.app */ = {isa = PBXFileReference; explicitFileType = wrapper.application; includeInIndex = 0; path = unthread.me.app; sourceTree = BUILT_PRODUCTS_DIR; };
		A6A121972C64F1E60006CC5A /* unthread.me Extension.appex */ = {isa = PBXFileReference; explicitFileType = "wrapper.app-extension"; includeInIndex = 0; path = "unthread.me Extension.appex"; sourceTree = BUILT_PRODUCTS_DIR; };
		A6A121A12C64F1E60006CC5A /* unthread.me Extension.appex */ = {isa = PBXFileReference; explicitFileType = "wrapper.app-extension"; includeInIndex = 0; path = "unthread.me Extension.appex"; sourceTree = BUILT_PRODUCTS_DIR; };
/* End PBXFileReference section */

/* Begin PBXFileSystemSynchronizedBuildFileExceptionSet section */
		A6A121C62C64F1E70006CC5A /* Exceptions for "Shared (App)" folder in "unthread.me (iOS)" target */ = {
			isa = PBXFileSystemSynchronizedBuildFileExceptionSet;
			membershipExceptions = (
				Assets.xcassets,
				Resources/Icon.png,
				Resources/Script.js,
				Resources/Style.css,
				ViewController.swift,
			);
			target = A6A121782C64F1E60006CC5A /* unthread.me (iOS) */;
		};
		A6A121CA2C64F1E70006CC5A /* Exceptions for "iOS (Extension)" folder in "unthread.me Extension (iOS)" target */ = {
			isa = PBXFileSystemSynchronizedBuildFileExceptionSet;
			membershipExceptions = (
				Info.plist,
			);
			target = A6A121962C64F1E60006CC5A /* unthread.me Extension (iOS) */;
		};
		A6A121CF2C64F1E70006CC5A /* Exceptions for "iOS (App)" folder in "unthread.me (iOS)" target */ = {
			isa = PBXFileSystemSynchronizedBuildFileExceptionSet;
			membershipExceptions = (
				"/Localized: LaunchScreen.storyboard",
				"/Localized: Main.storyboard",
				Info.plist,
			);
			target = A6A121782C64F1E60006CC5A /* unthread.me (iOS) */;
		};
		A6A121D22C64F1E70006CC5A /* Exceptions for "Shared (App)" folder in "unthread.me (macOS)" target */ = {
			isa = PBXFileSystemSynchronizedBuildFileExceptionSet;
			membershipExceptions = (
				"/Localized: Main.html",
				Assets.xcassets,
				Resources/Icon.png,
				Resources/Script.js,
				Resources/Style.css,
				ViewController.swift,
			);
			target = A6A1218A2C64F1E60006CC5A /* unthread.me (macOS) */;
		};
		A6A121D62C64F1E70006CC5A /* Exceptions for "macOS (Extension)" folder in "unthread.me Extension (macOS)" target */ = {
			isa = PBXFileSystemSynchronizedBuildFileExceptionSet;
			membershipExceptions = (
				Info.plist,
			);
			target = A6A121A02C64F1E60006CC5A /* unthread.me Extension (macOS) */;
		};
		A6A121DB2C64F1E70006CC5A /* Exceptions for "macOS (App)" folder in "unthread.me (macOS)" target */ = {
			isa = PBXFileSystemSynchronizedBuildFileExceptionSet;
			membershipExceptions = (
				"/Localized: Main.storyboard",
			);
			target = A6A1218A2C64F1E60006CC5A /* unthread.me (macOS) */;
		};
		A6A121DE2C64F1E70006CC5A /* Exceptions for "Shared (Extension)" folder in "unthread.me Extension (iOS)" target */ = {
			isa = PBXFileSystemSynchronizedBuildFileExceptionSet;
			membershipExceptions = (
				Resources/_locales,
				Resources/background.js,
				Resources/content.js,
				Resources/images,
				Resources/manifest.json,
				Resources/popup.css,
				Resources/popup.html,
				Resources/popup.js,
				SafariWebExtensionHandler.swift,
			);
			target = A6A121962C64F1E60006CC5A /* unthread.me Extension (iOS) */;
		};
		A6A121DF2C64F1E70006CC5A /* Exceptions for "Shared (Extension)" folder in "unthread.me Extension (macOS)" target */ = {
			isa = PBXFileSystemSynchronizedBuildFileExceptionSet;
			membershipExceptions = (
				Resources/_locales,
				Resources/background.js,
				Resources/content.js,
				Resources/images,
				Resources/manifest.json,
				Resources/popup.css,
				Resources/popup.html,
				Resources/popup.js,
				SafariWebExtensionHandler.swift,
			);
			target = A6A121A02C64F1E60006CC5A /* unthread.me Extension (macOS) */;
		};
/* End PBXFileSystemSynchronizedBuildFileExceptionSet section */

/* Begin PBXFileSystemSynchronizedGroupBuildPhaseMembershipExceptionSet section */
		A6A121D02C64F1E70006CC5A /* Exceptions for "iOS (App)" folder in "Copy Bundle Resources" phase from "unthread.me (iOS)" target */ = {
			isa = PBXFileSystemSynchronizedGroupBuildPhaseMembershipExceptionSet;
			buildPhase = A6A121772C64F1E60006CC5A /* Resources */;
			membershipExceptions = (
				Base.lproj/LaunchScreen.storyboard,
				Base.lproj/Main.storyboard,
			);
		};
		A6A121DC2C64F1E70006CC5A /* Exceptions for "macOS (App)" folder in "Copy Bundle Resources" phase from "unthread.me (macOS)" target */ = {
			isa = PBXFileSystemSynchronizedGroupBuildPhaseMembershipExceptionSet;
			buildPhase = A6A121892C64F1E60006CC5A /* Resources */;
			membershipExceptions = (
				Base.lproj/Main.storyboard,
			);
		};
/* End PBXFileSystemSynchronizedGroupBuildPhaseMembershipExceptionSet section */

/* Begin PBXFileSystemSynchronizedRootGroup section */
		A6A121612C64F1E50006CC5A /* Shared (App) */ = {
			isa = PBXFileSystemSynchronizedRootGroup;
			exceptions = (
				A6A121C62C64F1E70006CC5A /* Exceptions for "Shared (App)" folder in "unthread.me (iOS)" target */,
				A6A121D22C64F1E70006CC5A /* Exceptions for "Shared (App)" folder in "unthread.me (macOS)" target */,
			);
			path = "Shared (App)";
			sourceTree = "<group>";
		};
		A6A1216A2C64F1E60006CC5A /* Shared (Extension) */ = {
			isa = PBXFileSystemSynchronizedRootGroup;
			exceptions = (
				A6A121DE2C64F1E70006CC5A /* Exceptions for "Shared (Extension)" folder in "unthread.me Extension (iOS)" target */,
				A6A121DF2C64F1E70006CC5A /* Exceptions for "Shared (Extension)" folder in "unthread.me Extension (macOS)" target */,
			);
			explicitFolders = (
				Resources/_locales,
				Resources/images,
			);
			path = "Shared (Extension)";
			sourceTree = "<group>";
		};
		A6A1217B2C64F1E60006CC5A /* iOS (App) */ = {
			isa = PBXFileSystemSynchronizedRootGroup;
			exceptions = (
				A6A121CF2C64F1E70006CC5A /* Exceptions for "iOS (App)" folder in "unthread.me (iOS)" target */,
				A6A121D02C64F1E70006CC5A /* Exceptions for "iOS (App)" folder in "Copy Bundle Resources" phase from "unthread.me (iOS)" target */,
			);
			path = "iOS (App)";
			sourceTree = "<group>";
		};
		A6A1218C2C64F1E60006CC5A /* macOS (App) */ = {
			isa = PBXFileSystemSynchronizedRootGroup;
			exceptions = (
				A6A121DB2C64F1E70006CC5A /* Exceptions for "macOS (App)" folder in "unthread.me (macOS)" target */,
				A6A121DC2C64F1E70006CC5A /* Exceptions for "macOS (App)" folder in "Copy Bundle Resources" phase from "unthread.me (macOS)" target */,
			);
			path = "macOS (App)";
			sourceTree = "<group>";
		};
		A6A1219B2C64F1E60006CC5A /* iOS (Extension) */ = {
			isa = PBXFileSystemSynchronizedRootGroup;
			exceptions = (
				A6A121CA2C64F1E70006CC5A /* Exceptions for "iOS (Extension)" folder in "unthread.me Extension (iOS)" target */,
			);
			path = "iOS (Extension)";
			sourceTree = "<group>";
		};
		A6A121A52C64F1E60006CC5A /* macOS (Extension) */ = {
			isa = PBXFileSystemSynchronizedRootGroup;
			exceptions = (
				A6A121D62C64F1E70006CC5A /* Exceptions for "macOS (Extension)" folder in "unthread.me Extension (macOS)" target */,
			);
			path = "macOS (Extension)";
			sourceTree = "<group>";
		};
/* End PBXFileSystemSynchronizedRootGroup section */

/* Begin PBXFrameworksBuildPhase section */
		A6A121762C64F1E60006CC5A /* Frameworks */ = {
			isa = PBXFrameworksBuildPhase;
			buildActionMask = 2147483647;
			files = (
			);
			runOnlyForDeploymentPostprocessing = 0;
		};
		A6A121882C64F1E60006CC5A /* Frameworks */ = {
			isa = PBXFrameworksBuildPhase;
			buildActionMask = 2147483647;
			files = (
			);
			runOnlyForDeploymentPostprocessing = 0;
		};
		A6A121942C64F1E60006CC5A /* Frameworks */ = {
			isa = PBXFrameworksBuildPhase;
			buildActionMask = 2147483647;
			files = (
			);
			runOnlyForDeploymentPostprocessing = 0;
		};
		A6A1219E2C64F1E60006CC5A /* Frameworks */ = {
			isa = PBXFrameworksBuildPhase;
			buildActionMask = 2147483647;
			files = (
			);
			runOnlyForDeploymentPostprocessing = 0;
		};
/* End PBXFrameworksBuildPhase section */

/* Begin PBXGroup section */
		A6A1215C2C64F1E50006CC5A = {
			isa = PBXGroup;
			children = (
				A6A121612C64F1E50006CC5A /* Shared (App) */,
				A6A1216A2C64F1E60006CC5A /* Shared (Extension) */,
				A6A1217B2C64F1E60006CC5A /* iOS (App) */,
				A6A1218C2C64F1E60006CC5A /* macOS (App) */,
				A6A1219B2C64F1E60006CC5A /* iOS (Extension) */,
				A6A121A52C64F1E60006CC5A /* macOS (Extension) */,
				A6A1217A2C64F1E60006CC5A /* Products */,
			);
			sourceTree = "<group>";
		};
		A6A1217A2C64F1E60006CC5A /* Products */ = {
			isa = PBXGroup;
			children = (
				A6A121792C64F1E60006CC5A /* unthread.me.app */,
				A6A1218B2C64F1E60006CC5A /* unthread.me.app */,
				A6A121972C64F1E60006CC5A /* unthread.me Extension.appex */,
				A6A121A12C64F1E60006CC5A /* unthread.me Extension.appex */,
			);
			name = Products;
			sourceTree = "<group>";
		};
/* End PBXGroup section */

/* Begin PBXNativeTarget section */
		A6A121782C64F1E60006CC5A /* unthread.me (iOS) */ = {
			isa = PBXNativeTarget;
			buildConfigurationList = A6A121CC2C64F1E70006CC5A /* Build configuration list for PBXNativeTarget "unthread.me (iOS)" */;
			buildPhases = (
				A6A121752C64F1E60006CC5A /* Sources */,
				A6A121762C64F1E60006CC5A /* Frameworks */,
				A6A121772C64F1E60006CC5A /* Resources */,
				A6A121CB2C64F1E70006CC5A /* Embed Foundation Extensions */,
			);
			buildRules = (
			);
			dependencies = (
				A6A1219A2C64F1E60006CC5A /* PBXTargetDependency */,
			);
			fileSystemSynchronizedGroups = (
				A6A1217B2C64F1E60006CC5A /* iOS (App) */,
			);
			name = "unthread.me (iOS)";
			packageProductDependencies = (
			);
			productName = "unthread.me (iOS)";
			productReference = A6A121792C64F1E60006CC5A /* unthread.me.app */;
			productType = "com.apple.product-type.application";
		};
		A6A1218A2C64F1E60006CC5A /* unthread.me (macOS) */ = {
			isa = PBXNativeTarget;
			buildConfigurationList = A6A121D82C64F1E70006CC5A /* Build configuration list for PBXNativeTarget "unthread.me (macOS)" */;
			buildPhases = (
				A6A121872C64F1E60006CC5A /* Sources */,
				A6A121882C64F1E60006CC5A /* Frameworks */,
				A6A121892C64F1E60006CC5A /* Resources */,
				A6A121D72C64F1E70006CC5A /* Embed Foundation Extensions */,
			);
			buildRules = (
			);
			dependencies = (
				A6A121A42C64F1E60006CC5A /* PBXTargetDependency */,
			);
			fileSystemSynchronizedGroups = (
				A6A1218C2C64F1E60006CC5A /* macOS (App) */,
			);
			name = "unthread.me (macOS)";
			packageProductDependencies = (
			);
			productName = "unthread.me (macOS)";
			productReference = A6A1218B2C64F1E60006CC5A /* unthread.me.app */;
			productType = "com.apple.product-type.application";
		};
		A6A121962C64F1E60006CC5A /* unthread.me Extension (iOS) */ = {
			isa = PBXNativeTarget;
			buildConfigurationList = A6A121C72C64F1E70006CC5A /* Build configuration list for PBXNativeTarget "unthread.me Extension (iOS)" */;
			buildPhases = (
				A6A121932C64F1E60006CC5A /* Sources */,
				A6A121942C64F1E60006CC5A /* Frameworks */,
				A6A121952C64F1E60006CC5A /* Resources */,
			);
			buildRules = (
			);
			dependencies = (
			);
			fileSystemSynchronizedGroups = (
				A6A1219B2C64F1E60006CC5A /* iOS (Extension) */,
			);
			name = "unthread.me Extension (iOS)";
			packageProductDependencies = (
			);
			productName = "unthread.me Extension (iOS)";
			productReference = A6A121972C64F1E60006CC5A /* unthread.me Extension.appex */;
			productType = "com.apple.product-type.app-extension";
		};
		A6A121A02C64F1E60006CC5A /* unthread.me Extension (macOS) */ = {
			isa = PBXNativeTarget;
			buildConfigurationList = A6A121D32C64F1E70006CC5A /* Build configuration list for PBXNativeTarget "unthread.me Extension (macOS)" */;
			buildPhases = (
				A6A1219D2C64F1E60006CC5A /* Sources */,
				A6A1219E2C64F1E60006CC5A /* Frameworks */,
				A6A1219F2C64F1E60006CC5A /* Resources */,
			);
			buildRules = (
			);
			dependencies = (
			);
			fileSystemSynchronizedGroups = (
				A6A121A52C64F1E60006CC5A /* macOS (Extension) */,
			);
			name = "unthread.me Extension (macOS)";
			packageProductDependencies = (
			);
			productName = "unthread.me Extension (macOS)";
			productReference = A6A121A12C64F1E60006CC5A /* unthread.me Extension.appex */;
			productType = "com.apple.product-type.app-extension";
		};
/* End PBXNativeTarget section */

/* Begin PBXProject section */
		A6A1215D2C64F1E50006CC5A /* Project object */ = {
			isa = PBXProject;
			attributes = {
				BuildIndependentTargetsInParallel = 1;
				LastSwiftUpdateCheck = 1600;
				LastUpgradeCheck = 1600;
				TargetAttributes = {
					A6A121782C64F1E60006CC5A = {
						CreatedOnToolsVersion = 16.0;
					};
					A6A1218A2C64F1E60006CC5A = {
						CreatedOnToolsVersion = 16.0;
					};
					A6A121962C64F1E60006CC5A = {
						CreatedOnToolsVersion = 16.0;
					};
					A6A121A02C64F1E60006CC5A = {
						CreatedOnToolsVersion = 16.0;
					};
				};
			};
			buildConfigurationList = A6A121602C64F1E50006CC5A /* Build configuration list for PBXProject "unthread.me" */;
			developmentRegion = en;
			hasScannedForEncodings = 0;
			knownRegions = (
				en,
				Base,
			);
			mainGroup = A6A1215C2C64F1E50006CC5A;
			minimizedProjectReferenceProxies = 1;
			preferredProjectObjectVersion = 77;
			productRefGroup = A6A1217A2C64F1E60006CC5A /* Products */;
			projectDirPath = "";
			projectRoot = "";
			targets = (
				A6A121782C64F1E60006CC5A /* unthread.me (iOS) */,
				A6A1218A2C64F1E60006CC5A /* unthread.me (macOS) */,
				A6A121962C64F1E60006CC5A /* unthread.me Extension (iOS) */,
				A6A121A02C64F1E60006CC5A /* unthread.me Extension (macOS) */,
			);
		};
/* End PBXProject section */

/* Begin PBXResourcesBuildPhase section */
		A6A121772C64F1E60006CC5A /* Resources */ = {
			isa = PBXResourcesBuildPhase;
			buildActionMask = 2147483647;
			files = (
			);
			runOnlyForDeploymentPostprocessing = 0;
		};
		A6A121892C64F1E60006CC5A /* Resources */ = {
			isa = PBXResourcesBuildPhase;
			buildActionMask = 2147483647;
			files = (
			);
			runOnlyForDeploymentPostprocessing = 0;
		};
		A6A121952C64F1E60006CC5A /* Resources */ = {
			isa = PBXResourcesBuildPhase;
			buildActionMask = 2147483647;
			files = (
			);
			runOnlyForDeploymentPostprocessing = 0;
		};
		A6A1219F2C64F1E60006CC5A /* Resources */ = {
			isa = PBXResourcesBuildPhase;
			buildActionMask = 2147483647;
			files = (
			);
			runOnlyForDeploymentPostprocessing = 0;
		};
/* End PBXResourcesBuildPhase section */

/* Begin PBXSourcesBuildPhase section */
		A6A121752C64F1E60006CC5A /* Sources */ = {
			isa = PBXSourcesBuildPhase;
			buildActionMask = 2147483647;
			files = (
			);
			runOnlyForDeploymentPostprocessing = 0;
		};
		A6A121872C64F1E60006CC5A /* Sources */ = {
			isa = PBXSourcesBuildPhase;
			buildActionMask = 2147483647;
			files = (
			);
			runOnlyForDeploymentPostprocessing = 0;
		};
		A6A121932C64F1E60006CC5A /* Sources */ = {
			isa = PBXSourcesBuildPhase;
			buildActionMask = 2147483647;
			files = (
			);
			runOnlyForDeploymentPostprocessing = 0;
		};
		A6A1219D2C64F1E60006CC5A /* Sources */ = {
			isa = PBXSourcesBuildPhase;
			buildActionMask = 2147483647;
			files = (
			);
			runOnlyForDeploymentPostprocessing = 0;
		};
/* End PBXSourcesBuildPhase section */

/* Begin PBXTargetDependency section */
		A6A1219A2C64F1E60006CC5A /* PBXTargetDependency */ = {
			isa = PBXTargetDependency;
			target = A6A121962C64F1E60006CC5A /* unthread.me Extension (iOS) */;
			targetProxy = A6A121992C64F1E60006CC5A /* PBXContainerItemProxy */;
		};
		A6A121A42C64F1E60006CC5A /* PBXTargetDependency */ = {
			isa = PBXTargetDependency;
			target = A6A121A02C64F1E60006CC5A /* unthread.me Extension (macOS) */;
			targetProxy = A6A121A32C64F1E60006CC5A /* PBXContainerItemProxy */;
		};
/* End PBXTargetDependency section */

/* Begin XCBuildConfiguration section */
		A6A121C82C64F1E70006CC5A /* Debug */ = {
			isa = XCBuildConfiguration;
			buildSettings = {
				CODE_SIGN_STYLE = Automatic;
				CURRENT_PROJECT_VERSION = 2;
				DEVELOPMENT_TEAM = 4497QJSAD3;
				GENERATE_INFOPLIST_FILE = YES;
				INFOPLIST_FILE = "iOS (Extension)/Info.plist";
				INFOPLIST_KEY_CFBundleDisplayName = "unthread.me Extension";
				INFOPLIST_KEY_NSHumanReadableCopyright = "";
				IPHONEOS_DEPLOYMENT_TARGET = 15.0;
				LD_RUNPATH_SEARCH_PATHS = (
					"$(inherited)",
					"@executable_path/Frameworks",
					"@executable_path/../../Frameworks",
				);
				MARKETING_VERSION = 1.0;
				OTHER_LDFLAGS = (
					"-framework",
					SafariServices,
				);
				PRODUCT_BUNDLE_IDENTIFIER = "xyz.nugg.unthread-me.Extension";
				PRODUCT_NAME = "unthread.me Extension";
				SDKROOT = iphoneos;
				SKIP_INSTALL = YES;
				SWIFT_EMIT_LOC_STRINGS = YES;
				SWIFT_VERSION = 5.0;
				TARGETED_DEVICE_FAMILY = "1,2";
			};
			name = Debug;
		};
		A6A121C92C64F1E70006CC5A /* Release */ = {
			isa = XCBuildConfiguration;
			buildSettings = {
				CODE_SIGN_STYLE = Automatic;
				CURRENT_PROJECT_VERSION = 2;
				DEVELOPMENT_TEAM = 4497QJSAD3;
				GENERATE_INFOPLIST_FILE = YES;
				INFOPLIST_FILE = "iOS (Extension)/Info.plist";
				INFOPLIST_KEY_CFBundleDisplayName = "unthread.me Extension";
				INFOPLIST_KEY_NSHumanReadableCopyright = "";
				IPHONEOS_DEPLOYMENT_TARGET = 15.0;
				LD_RUNPATH_SEARCH_PATHS = (
					"$(inherited)",
					"@executable_path/Frameworks",
					"@executable_path/../../Frameworks",
				);
				MARKETING_VERSION = 1.0;
				OTHER_LDFLAGS = (
					"-framework",
					SafariServices,
				);
				PRODUCT_BUNDLE_IDENTIFIER = "xyz.nugg.unthread-me.Extension";
				PRODUCT_NAME = "unthread.me Extension";
				SDKROOT = iphoneos;
				SKIP_INSTALL = YES;
				SWIFT_EMIT_LOC_STRINGS = YES;
				SWIFT_VERSION = 5.0;
				TARGETED_DEVICE_FAMILY = "1,2";
				VALIDATE_PRODUCT = YES;
			};
			name = Release;
		};
		A6A121CD2C64F1E70006CC5A /* Debug */ = {
			isa = XCBuildConfiguration;
			buildSettings = {
				ASSETCATALOG_COMPILER_APPICON_NAME = AppIcon;
				ASSETCATALOG_COMPILER_GLOBAL_ACCENT_COLOR_NAME = AccentColor;
				CODE_SIGN_STYLE = Automatic;
				CURRENT_PROJECT_VERSION = 2;
				DEVELOPMENT_TEAM = 4497QJSAD3;
				GENERATE_INFOPLIST_FILE = YES;
				INFOPLIST_FILE = "iOS (App)/Info.plist";
				INFOPLIST_KEY_CFBundleDisplayName = unthread.me;
				INFOPLIST_KEY_UIApplicationSupportsIndirectInputEvents = YES;
				INFOPLIST_KEY_UILaunchStoryboardName = LaunchScreen;
				INFOPLIST_KEY_UIMainStoryboardFile = Main;
				INFOPLIST_KEY_UISupportedInterfaceOrientations = "UIInterfaceOrientationPortrait UIInterfaceOrientationLandscapeLeft UIInterfaceOrientationLandscapeRight";
				INFOPLIST_KEY_UISupportedInterfaceOrientations_iPad = "UIInterfaceOrientationPortrait UIInterfaceOrientationPortraitUpsideDown UIInterfaceOrientationLandscapeLeft UIInterfaceOrientationLandscapeRight";
				IPHONEOS_DEPLOYMENT_TARGET = 15.0;
				LD_RUNPATH_SEARCH_PATHS = (
					"$(inherited)",
					"@executable_path/Frameworks",
				);
				MARKETING_VERSION = 1.0;
				OTHER_LDFLAGS = (
					"-framework",
					SafariServices,
					"-framework",
					WebKit,
				);
				PRODUCT_BUNDLE_IDENTIFIER = "xyz.nugg.unthread-me";
				PRODUCT_NAME = unthread.me;
				SDKROOT = iphoneos;
				SWIFT_EMIT_LOC_STRINGS = YES;
				SWIFT_VERSION = 5.0;
				TARGETED_DEVICE_FAMILY = "1,2";
			};
			name = Debug;
		};
		A6A121CE2C64F1E70006CC5A /* Release */ = {
			isa = XCBuildConfiguration;
			buildSettings = {
				ASSETCATALOG_COMPILER_APPICON_NAME = AppIcon;
				ASSETCATALOG_COMPILER_GLOBAL_ACCENT_COLOR_NAME = AccentColor;
				CODE_SIGN_STYLE = Automatic;
				CURRENT_PROJECT_VERSION = 2;
				DEVELOPMENT_TEAM = 4497QJSAD3;
				GENERATE_INFOPLIST_FILE = YES;
				INFOPLIST_FILE = "iOS (App)/Info.plist";
				INFOPLIST_KEY_CFBundleDisplayName = unthread.me;
				INFOPLIST_KEY_UIApplicationSupportsIndirectInputEvents = YES;
				INFOPLIST_KEY_UILaunchStoryboardName = LaunchScreen;
				INFOPLIST_KEY_UIMainStoryboardFile = Main;
				INFOPLIST_KEY_UISupportedInterfaceOrientations = "UIInterfaceOrientationPortrait UIInterfaceOrientationLandscapeLeft UIInterfaceOrientationLandscapeRight";
				INFOPLIST_KEY_UISupportedInterfaceOrientations_iPad = "UIInterfaceOrientationPortrait UIInterfaceOrientationPortraitUpsideDown UIInterfaceOrientationLandscapeLeft UIInterfaceOrientationLandscapeRight";
				IPHONEOS_DEPLOYMENT_TARGET = 15.0;
				LD_RUNPATH_SEARCH_PATHS = (
					"$(inherited)",
					"@executable_path/Frameworks",
				);
				MARKETING_VERSION = 1.0;
				OTHER_LDFLAGS = (
					"-framework",
					SafariServices,
					"-framework",
					WebKit,
				);
				PRODUCT_BUNDLE_IDENTIFIER = "xyz.nugg.unthread-me";
				PRODUCT_NAME = unthread.me;
				SDKROOT = iphoneos;
				SWIFT_EMIT_LOC_STRINGS = YES;
				SWIFT_VERSION = 5.0;
				TARGETED_DEVICE_FAMILY = "1,2";
				VALIDATE_PRODUCT = YES;
			};
			name = Release;
		};
		A6A121D42C64F1E70006CC5A /* Debug */ = {
			isa = XCBuildConfiguration;
			buildSettings = {
				CODE_SIGN_ENTITLEMENTS = "macOS (Extension)/unthread.me.entitlements";
				CODE_SIGN_STYLE = Automatic;
				CURRENT_PROJECT_VERSION = 2;
				DEVELOPMENT_TEAM = 4497QJSAD3;
				ENABLE_HARDENED_RUNTIME = YES;
				GENERATE_INFOPLIST_FILE = YES;
				INFOPLIST_FILE = "macOS (Extension)/Info.plist";
				INFOPLIST_KEY_CFBundleDisplayName = "unthread.me Extension";
				INFOPLIST_KEY_NSHumanReadableCopyright = "";
				LD_RUNPATH_SEARCH_PATHS = (
					"$(inherited)",
					"@executable_path/../Frameworks",
					"@executable_path/../../../../Frameworks",
				);
				MACOSX_DEPLOYMENT_TARGET = 15.0;
				MARKETING_VERSION = 1.0;
				OTHER_LDFLAGS = (
					"-framework",
					SafariServices,
				);
				PRODUCT_BUNDLE_IDENTIFIER = "xyz.nugg.unthread-me.Extension";
				PRODUCT_NAME = "unthread.me Extension";
				SDKROOT = macosx;
				SKIP_INSTALL = YES;
				SWIFT_EMIT_LOC_STRINGS = YES;
				SWIFT_VERSION = 5.0;
			};
			name = Debug;
		};
		A6A121D52C64F1E70006CC5A /* Release */ = {
			isa = XCBuildConfiguration;
			buildSettings = {
				CODE_SIGN_ENTITLEMENTS = "macOS (Extension)/unthread.me.entitlements";
				CODE_SIGN_STYLE = Automatic;
				CURRENT_PROJECT_VERSION = 2;
				DEVELOPMENT_TEAM = 4497QJSAD3;
				ENABLE_HARDENED_RUNTIME = YES;
				GENERATE_INFOPLIST_FILE = YES;
				INFOPLIST_FILE = "macOS (Extension)/Info.plist";
				INFOPLIST_KEY_CFBundleDisplayName = "unthread.me Extension";
				INFOPLIST_KEY_NSHumanReadableCopyright = "";
				LD_RUNPATH_SEARCH_PATHS = (
					"$(inherited)",
					"@executable_path/../Frameworks",
					"@executable_path/../../../../Frameworks",
				);
				MACOSX_DEPLOYMENT_TARGET = 15.0;
				MARKETING_VERSION = 1.0;
				OTHER_LDFLAGS = (
					"-framework",
					SafariServices,
				);
				PRODUCT_BUNDLE_IDENTIFIER = "xyz.nugg.unthread-me.Extension";
				PRODUCT_NAME = "unthread.me Extension";
				SDKROOT = macosx;
				SKIP_INSTALL = YES;
				SWIFT_EMIT_LOC_STRINGS = YES;
				SWIFT_VERSION = 5.0;
			};
			name = Release;
		};
		A6A121D92C64F1E70006CC5A /* Debug */ = {
			isa = XCBuildConfiguration;
			buildSettings = {
				ASSETCATALOG_COMPILER_APPICON_NAME = AppIcon;
				ASSETCATALOG_COMPILER_GLOBAL_ACCENT_COLOR_NAME = AccentColor;
				CODE_SIGN_ENTITLEMENTS = "macOS (App)/unthread.me.entitlements";
				"CODE_SIGN_IDENTITY[sdk=macosx*]" = "Apple Development";
				CODE_SIGN_STYLE = Automatic;
				CURRENT_PROJECT_VERSION = 2;
				DEVELOPMENT_TEAM = 4497QJSAD3;
				ENABLE_HARDENED_RUNTIME = YES;
				GENERATE_INFOPLIST_FILE = YES;
				INFOPLIST_KEY_CFBundleDisplayName = unthread.me;
				INFOPLIST_KEY_NSMainStoryboardFile = Main;
				INFOPLIST_KEY_NSPrincipalClass = NSApplication;
				LD_RUNPATH_SEARCH_PATHS = (
					"$(inherited)",
					"@executable_path/../Frameworks",
				);
				MACOSX_DEPLOYMENT_TARGET = 15.0;
				MARKETING_VERSION = 1.0;
				OTHER_LDFLAGS = (
					"-framework",
					SafariServices,
					"-framework",
					WebKit,
				);
				PRODUCT_BUNDLE_IDENTIFIER = "xyz.nugg.unthread-me";
				PRODUCT_NAME = unthread.me;
				SDKROOT = macosx;
				SWIFT_EMIT_LOC_STRINGS = YES;
				SWIFT_VERSION = 5.0;
			};
			name = Debug;
		};
		A6A121DA2C64F1E70006CC5A /* Release */ = {
			isa = XCBuildConfiguration;
			buildSettings = {
				ASSETCATALOG_COMPILER_APPICON_NAME = AppIcon;
				ASSETCATALOG_COMPILER_GLOBAL_ACCENT_COLOR_NAME = AccentColor;
				CODE_SIGN_ENTITLEMENTS = "macOS (App)/unthread.me.entitlements";
				"CODE_SIGN_IDENTITY[sdk=macosx*]" = "Apple Development";
				CODE_SIGN_STYLE = Automatic;
				CURRENT_PROJECT_VERSION = 2;
				DEVELOPMENT_TEAM = 4497QJSAD3;
				ENABLE_HARDENED_RUNTIME = YES;
				GENERATE_INFOPLIST_FILE = YES;
				INFOPLIST_KEY_CFBundleDisplayName = unthread.me;
				INFOPLIST_KEY_NSMainStoryboardFile = Main;
				INFOPLIST_KEY_NSPrincipalClass = NSApplication;
				LD_RUNPATH_SEARCH_PATHS = (
					"$(inherited)",
					"@executable_path/../Frameworks",
				);
				MACOSX_DEPLOYMENT_TARGET = 15.0;
				MARKETING_VERSION = 1.0;
				OTHER_LDFLAGS = (
					"-framework",
					SafariServices,
					"-framework",
					WebKit,
				);
				PRODUCT_BUNDLE_IDENTIFIER = "xyz.nugg.unthread-me";
				PRODUCT_NAME = unthread.me;
				SDKROOT = macosx;
				SWIFT_EMIT_LOC_STRINGS = YES;
				SWIFT_VERSION = 5.0;
			};
			name = Release;
		};
		A6A121E02C64F1E70006CC5A /* Debug */ = {
			isa = XCBuildConfiguration;
			buildSettings = {
				ALWAYS_SEARCH_USER_PATHS = NO;
				ASSETCATALOG_COMPILER_GENERATE_SWIFT_ASSET_SYMBOL_EXTENSIONS = YES;
				CLANG_ANALYZER_NONNULL = YES;
				CLANG_ANALYZER_NUMBER_OBJECT_CONVERSION = YES_AGGRESSIVE;
				CLANG_CXX_LANGUAGE_STANDARD = "gnu++20";
				CLANG_ENABLE_MODULES = YES;
				CLANG_ENABLE_OBJC_ARC = YES;
				CLANG_ENABLE_OBJC_WEAK = YES;
				CLANG_WARN_BLOCK_CAPTURE_AUTORELEASING = YES;
				CLANG_WARN_BOOL_CONVERSION = YES;
				CLANG_WARN_COMMA = YES;
				CLANG_WARN_CONSTANT_CONVERSION = YES;
				CLANG_WARN_DEPRECATED_OBJC_IMPLEMENTATIONS = YES;
				CLANG_WARN_DIRECT_OBJC_ISA_USAGE = YES_ERROR;
				CLANG_WARN_DOCUMENTATION_COMMENTS = YES;
				CLANG_WARN_EMPTY_BODY = YES;
				CLANG_WARN_ENUM_CONVERSION = YES;
				CLANG_WARN_INFINITE_RECURSION = YES;
				CLANG_WARN_INT_CONVERSION = YES;
				CLANG_WARN_NON_LITERAL_NULL_CONVERSION = YES;
				CLANG_WARN_OBJC_IMPLICIT_RETAIN_SELF = YES;
				CLANG_WARN_OBJC_LITERAL_CONVERSION = YES;
				CLANG_WARN_OBJC_ROOT_CLASS = YES_ERROR;
				CLANG_WARN_QUOTED_INCLUDE_IN_FRAMEWORK_HEADER = YES;
				CLANG_WARN_RANGE_LOOP_ANALYSIS = YES;
				CLANG_WARN_STRICT_PROTOTYPES = YES;
				CLANG_WARN_SUSPICIOUS_MOVE = YES;
				CLANG_WARN_UNGUARDED_AVAILABILITY = YES_AGGRESSIVE;
				CLANG_WARN_UNREACHABLE_CODE = YES;
				CLANG_WARN__DUPLICATE_METHOD_MATCH = YES;
				COPY_PHASE_STRIP = NO;
				DEBUG_INFORMATION_FORMAT = dwarf;
				ENABLE_STRICT_OBJC_MSGSEND = YES;
				ENABLE_TESTABILITY = YES;
				ENABLE_USER_SCRIPT_SANDBOXING = YES;
				GCC_C_LANGUAGE_STANDARD = gnu17;
				GCC_DYNAMIC_NO_PIC = NO;
				GCC_NO_COMMON_BLOCKS = YES;
				GCC_OPTIMIZATION_LEVEL = 0;
				GCC_PREPROCESSOR_DEFINITIONS = (
					"DEBUG=1",
					"$(inherited)",
				);
				GCC_WARN_64_TO_32_BIT_CONVERSION = YES;
				GCC_WARN_ABOUT_RETURN_TYPE = YES_ERROR;
				GCC_WARN_UNDECLARED_SELECTOR = YES;
				GCC_WARN_UNINITIALIZED_AUTOS = YES_AGGRESSIVE;
				GCC_WARN_UNUSED_FUNCTION = YES;
				GCC_WARN_UNUSED_VARIABLE = YES;
				LOCALIZATION_PREFERS_STRING_CATALOGS = YES;
				MTL_ENABLE_DEBUG_INFO = INCLUDE_SOURCE;
				MTL_FAST_MATH = YES;
				ONLY_ACTIVE_ARCH = YES;
				SWIFT_ACTIVE_COMPILATION_CONDITIONS = "DEBUG $(inherited)";
				SWIFT_OPTIMIZATION_LEVEL = "-Onone";
			};
			name = Debug;
		};
		A6A121E12C64F1E70006CC5A /* Release */ = {
			isa = XCBuildConfiguration;
			buildSettings = {
				ALWAYS_SEARCH_USER_PATHS = NO;
				ASSETCATALOG_COMPILER_GENERATE_SWIFT_ASSET_SYMBOL_EXTENSIONS = YES;
				CLANG_ANALYZER_NONNULL = YES;
				CLANG_ANALYZER_NUMBER_OBJECT_CONVERSION = YES_AGGRESSIVE;
				CLANG_CXX_LANGUAGE_STANDARD = "gnu++20";
				CLANG_ENABLE_MODULES = YES;
				CLANG_ENABLE_OBJC_ARC = YES;
				CLANG_ENABLE_OBJC_WEAK = YES;
				CLANG_WARN_BLOCK_CAPTURE_AUTORELEASING = YES;
				CLANG_WARN_BOOL_CONVERSION = YES;
				CLANG_WARN_COMMA = YES;
				CLANG_WARN_CONSTANT_CONVERSION = YES;
				CLANG_WARN_DEPRECATED_OBJC_IMPLEMENTATIONS = YES;
				CLANG_WARN_DIRECT_OBJC_ISA_USAGE = YES_ERROR;
				CLANG_WARN_DOCUMENTATION_COMMENTS = YES;
				CLANG_WARN_EMPTY_BODY = YES;
				CLANG_WARN_ENUM_CONVERSION = YES;
				CLANG_WARN_INFINITE_RECURSION = YES;
				CLANG_WARN_INT_CONVERSION = YES;
				CLANG_WARN_NON_LITERAL_NULL_CONVERSION = YES;
				CLANG_WARN_OBJC_IMPLICIT_RETAIN_SELF = YES;
				CLANG_WARN_OBJC_LITERAL_CONVERSION = YES;
				CLANG_WARN_OBJC_ROOT_CLASS = YES_ERROR;
				CLANG_WARN_QUOTED_INCLUDE_IN_FRAMEWORK_HEADER = YES;
				CLANG_WARN_RANGE_LOOP_ANALYSIS = YES;
				CLANG_WARN_STRICT_PROTOTYPES = YES;
				CLANG_WARN_SUSPICIOUS_MOVE = YES;
				CLANG_WARN_UNGUARDED_AVAILABILITY = YES_AGGRESSIVE;
				CLANG_WARN_UNREACHABLE_CODE = YES;
				CLANG_WARN__DUPLICATE_METHOD_MATCH = YES;
				COPY_PHASE_STRIP = NO;
				DEBUG_INFORMATION_FORMAT = "dwarf-with-dsym";
				ENABLE_NS_ASSERTIONS = NO;
				ENABLE_STRICT_OBJC_MSGSEND = YES;
				ENABLE_USER_SCRIPT_SANDBOXING = YES;
				GCC_C_LANGUAGE_STANDARD = gnu17;
				GCC_NO_COMMON_BLOCKS = YES;
				GCC_WARN_64_TO_32_BIT_CONVERSION = YES;
				GCC_WARN_ABOUT_RETURN_TYPE = YES_ERROR;
				GCC_WARN_UNDECLARED_SELECTOR = YES;
				GCC_WARN_UNINITIALIZED_AUTOS = YES_AGGRESSIVE;
				GCC_WARN_UNUSED_FUNCTION = YES;
				GCC_WARN_UNUSED_VARIABLE = YES;
				LOCALIZATION_PREFERS_STRING_CATALOGS = YES;
				MTL_ENABLE_DEBUG_INFO = NO;
				MTL_FAST_MATH = YES;
				SWIFT_COMPILATION_MODE = wholemodule;
			};
			name = Release;
		};
/* End XCBuildConfiguration section */

/* Begin XCConfigurationList section */
		A6A121602C64F1E50006CC5A /* Build configuration list for PBXProject "unthread.me" */ = {
			isa = XCConfigurationList;
			buildConfigurations = (
				A6A121E02C64F1E70006CC5A /* Debug */,
				A6A121E12C64F1E70006CC5A /* Release */,
			);
			defaultConfigurationIsVisible = 0;
			defaultConfigurationName = Release;
		};
		A6A121C72C64F1E70006CC5A /* Build configuration list for PBXNativeTarget "unthread.me Extension (iOS)" */ = {
			isa = XCConfigurationList;
			buildConfigurations = (
				A6A121C82C64F1E70006CC5A /* Debug */,
				A6A121C92C64F1E70006CC5A /* Release */,
			);
			defaultConfigurationIsVisible = 0;
			defaultConfigurationName = Release;
		};
		A6A121CC2C64F1E70006CC5A /* Build configuration list for PBXNativeTarget "unthread.me (iOS)" */ = {
			isa = XCConfigurationList;
			buildConfigurations = (
				A6A121CD2C64F1E70006CC5A /* Debug */,
				A6A121CE2C64F1E70006CC5A /* Release */,
			);
			defaultConfigurationIsVisible = 0;
			defaultConfigurationName = Release;
		};
		A6A121D32C64F1E70006CC5A /* Build configuration list for PBXNativeTarget "unthread.me Extension (macOS)" */ = {
			isa = XCConfigurationList;
			buildConfigurations = (
				A6A121D42C64F1E70006CC5A /* Debug */,
				A6A121D52C64F1E70006CC5A /* Release */,
			);
			defaultConfigurationIsVisible = 0;
			defaultConfigurationName = Release;
		};
		A6A121D82C64F1E70006CC5A /* Build configuration list for PBXNativeTarget "unthread.me (macOS)" */ = {
			isa = XCConfigurationList;
			buildConfigurations = (
				A6A121D92C64F1E70006CC5A /* Debug */,
				A6A121DA2C64F1E70006CC5A /* Release */,
			);
			defaultConfigurationIsVisible = 0;
			defaultConfigurationName = Release;
		};
/* End XCConfigurationList section */
	};
	rootObject = A6A1215D2C64F1E50006CC5A /* Project object */;
}
